
Microsoft Visual Studio Solution File, Format Version 12.00
# Visual Studio Version 17
VisualStudioVersion = 17.1.32421.90
MinimumVisualStudioVersion = 10.0.40219.1
Project("{FAE04EC0-301F-11D3-BF4B-00C04F79EFBC}") = "OoTLivesplitIntroPatcher", "OoTLivesplitIntroPatcher.csproj", "{FF06AD1F-5D0B-41C3-936B-6EFADCCE0760}"
EndProject
Global
	GlobalSection(SolutionConfigurationPlatforms) = preSolution
		Debug|Any CPU = Debug|Any CPU
		Release|Any CPU = Release|Any CPU
	EndGlobalSection
	GlobalSection(ProjectConfigurationPlatforms) = postSolution
		{FF06AD1F-5D0B-41C3-936B-6EFADCCE0760}.Debug|Any CPU.ActiveCfg = Debug|Any CPU
		{FF06AD1F-5D0B-41C3-936B-6EFADCCE0760}.Debug|Any CPU.Build.0 = Debug|Any CPU
		{FF06AD1F-5D0B-41C3-936B-6EFADCCE0760}.Release|Any CPU.ActiveCfg = Release|Any CPU
		{FF06AD1F-5D0B-41C3-936B-6EFADCCE0760}.Release|Any CPU.Build.0 = Release|Any CPU
	EndGlobalSection
	GlobalSection(SolutionProperties) = preSolution
		HideSolutionNode = FALSE
	EndGlobalSection
	GlobalSection(ExtensibilityGlobals) = postSolution
		SolutionGuid = {0127E84E-C5B9-48B9-9417-9BA2B65DBB8C}
	EndGlobalSection
EndGlobal
